{
  "name": "qiao-parallel",
  "version": "1.1.1",
  "lockfileVersion": 2,
  "requires": true,
  "packages": {
    "": {
      "name": "qiao-parallel",
      "version": "1.1.1",
      "license": "MIT",
      "dependencies": {
        "qiao-process": "^0.0.9"
      },
      "devDependencies": {
        "qiao-console": "^1.0.4"
      }
    },
    "node_modules/qiao-console": {
      "version": "1.0.4",
      "resolved": "https://registry.npmjs.org/qiao-console/-/qiao-console-1.0.4.tgz",
      "integrity": "sha512-j8rwzC8L30UPR14qnI33Hi2Di9/JKQheKQomRoFgnqrqbwHw56E+WGPwYUKz6d3QYPcKT5gFt9BIgjqqOKj43w==",
      "dev": true
    },
    "node_modules/qiao-process": {
      "version": "0.0.9",
      "resolved": "https://registry.npmjs.org/qiao-process/-/qiao-process-0.0.9.tgz",
      "integrity": "sha512-uvMdWhyrETY52vitO6JUAw9FRJLEyf2IndYMvPbzoC6yqfQ79XpHW/tF0PU4ByoglsNdtYxFIKAVAEuBsnE4JQ=="
    }
  },
  "dependencies": {
    "qiao-console": {
      "version": "1.0.4",
      "resolved": "https://registry.npmjs.org/qiao-console/-/qiao-console-1.0.4.tgz",
      "integrity": "sha512-j8rwzC8L30UPR14qnI33Hi2Di9/JKQheKQomRoFgnqrqbwHw56E+WGPwYUKz6d3QYPcKT5gFt9BIgjqqOKj43w==",
      "dev": true
    },
    "qiao-process": {
      "version": "0.0.9",
      "resolved": "https://registry.npmjs.org/qiao-process/-/qiao-process-0.0.9.tgz",
      "integrity": "sha512-uvMdWhyrETY52vitO6JUAw9FRJLEyf2IndYMvPbzoC6yqfQ79XpHW/tF0PU4ByoglsNdtYxFIKAVAEuBsnE4JQ=="
    }
  }
}
