{
  "name": "qiao-parallel",
  "version": "3.0.0",
  "lockfileVersion": 2,
  "requires": true,
  "packages": {
    "": {
      "name": "qiao-parallel",
      "version": "3.0.0",
      "license": "MIT",
      "dependencies": {
        "qiao-process": "^0.0.9"
      }
    },
    "node_modules/qiao-process": {
      "version": "0.0.9",
      "resolved": "https://registry.npmjs.org/qiao-process/-/qiao-process-0.0.9.tgz",
      "integrity": "sha512-uvMdWhyrETY52vitO6JUAw9FRJLEyf2IndYMvPbzoC6yqfQ79XpHW/tF0PU4ByoglsNdtYxFIKAVAEuBsnE4JQ=="
    }
  },
  "dependencies": {
    "qiao-process": {
      "version": "0.0.9",
      "resolved": "https://registry.npmjs.org/qiao-process/-/qiao-process-0.0.9.tgz",
      "integrity": "sha512-uvMdWhyrETY52vitO6JUAw9FRJLEyf2IndYMvPbzoC6yqfQ79XpHW/tF0PU4ByoglsNdtYxFIKAVAEuBsnE4JQ=="
    }
  }
}
